
Microsoft Visual Studio Solution File, Format Version 12.00
# Visual Studio Version 16
VisualStudioVersion = 16.0.32602.291
MinimumVisualStudioVersion = 10.0.40219.1
Project("{FAE04EC0-301F-11D3-BF4B-00C04F79EFBC}") = "NCacheFeatureTesting", "NCacheFeatureTesting\NCacheFeatureTesting.csproj", "{67AD2E8D-6EFD-47A6-A494-0A221F84A504}"
EndProject
Project("{FAE04EC0-301F-11D3-BF4B-00C04F79EFBC}") = "Models", "Models\Models.csproj", "{92213471-AE83-41EA-9307-AFB8172B2EE5}"
EndProject
Global
	GlobalSection(SolutionConfigurationPlatforms) = preSolution
		Debug|Any CPU = Debug|Any CPU
		Release|Any CPU = Release|Any CPU
	EndGlobalSection
	GlobalSection(ProjectConfigurationPlatforms) = postSolution
		{67AD2E8D-6EFD-47A6-A494-0A221F84A504}.Debug|Any CPU.ActiveCfg = Debug|Any CPU
		{67AD2E8D-6EFD-47A6-A494-0A221F84A504}.Debug|Any CPU.Build.0 = Debug|Any CPU
		{67AD2E8D-6EFD-47A6-A494-0A221F84A504}.Release|Any CPU.ActiveCfg = Release|Any CPU
		{67AD2E8D-6EFD-47A6-A494-0A221F84A504}.Release|Any CPU.Build.0 = Release|Any CPU
		{92213471-AE83-41EA-9307-AFB8172B2EE5}.Debug|Any CPU.ActiveCfg = Debug|Any CPU
		{92213471-AE83-41EA-9307-AFB8172B2EE5}.Debug|Any CPU.Build.0 = Debug|Any CPU
		{92213471-AE83-41EA-9307-AFB8172B2EE5}.Release|Any CPU.ActiveCfg = Release|Any CPU
		{92213471-AE83-41EA-9307-AFB8172B2EE5}.Release|Any CPU.Build.0 = Release|Any CPU
	EndGlobalSection
	GlobalSection(SolutionProperties) = preSolution
		HideSolutionNode = FALSE
	EndGlobalSection
	GlobalSection(ExtensibilityGlobals) = postSolution
		SolutionGuid = {BAEE57F4-E5DA-4885-B231-D7452A99C392}
	EndGlobalSection
EndGlobal
